{
  "version": 4,
  "terraform_version": "1.3.7",
  "serial": 7,
  "lineage": "869946a2-3628-581b-67f2-bf594901ecbe",
  "outputs": {},
  "resources": [
    {
      "mode": "data",
      "type": "octopusdeploy_channels",
      "name": "channel_default",
      "provider": "provider[\"registry.terraform.io/octopusdeploylabs/octopusdeploy\"]",
      "instances": [
        {
          "schema_version": 0,
          "attributes": {
            "channels": [],
            "id": "Channels 2023-02-08 02:48:32.392641257 +0000 UTC",
            "ids": null,
            "partial_name": "Default",
            "skip": 0,
            "take": 1
          },
          "sensitive_attributes": []
        }
      ]
    },
    {
      "mode": "data",
      "type": "octopusdeploy_environments",
      "name": "environment_dev",
      "provider": "provider[\"registry.terraform.io/octopusdeploylabs/octopusdeploy\"]",
      "instances": [
        {
          "schema_version": 0,
          "attributes": {
            "environments": [],
            "id": "Environments 2023-02-08 02:48:32.425889743 +0000 UTC",
            "ids": null,
            "name": null,
            "partial_name": "Dev",
            "skip": 0,
            "take": 1
          },
          "sensitive_attributes": []
        }
      ]
    },
    {
      "mode": "data",
      "type": "octopusdeploy_environments",
      "name": "environment_production",
      "provider": "provider[\"registry.terraform.io/octopusdeploylabs/octopusdeploy\"]",
      "instances": [
        {
          "schema_version": 0,
          "attributes": {
            "environments": [],
            "id": "Environments 2023-02-08 02:48:32.413780256 +0000 UTC",
            "ids": null,
            "name": null,
            "partial_name": "Production",
            "skip": 0,
            "take": 1
          },
          "sensitive_attributes": []
        }
      ]
    },
    {
      "mode": "data",
      "type": "octopusdeploy_environments",
      "name": "environment_test",
      "provider": "provider[\"registry.terraform.io/octopusdeploylabs/octopusdeploy\"]",
      "instances": [
        {
          "schema_version": 0,
          "attributes": {
            "environments": [],
            "id": "Environments 2023-02-08 02:48:32.428700292 +0000 UTC",
            "ids": null,
            "name": null,
            "partial_name": "Test",
            "skip": 0,
            "take": 1
          },
          "sensitive_attributes": []
        }
      ]
    },
    {
      "mode": "data",
      "type": "octopusdeploy_feeds",
      "name": "built_in_feed",
      "provider": "provider[\"registry.terraform.io/octopusdeploylabs/octopusdeploy\"]",
      "instances": [
        {
          "schema_version": 0,
          "attributes": {
            "feed_type": "BuiltIn",
            "feeds": [
              {
                "access_key": "",
                "api_version": "",
                "delete_unreleased_packages_after_days": 0,
                "download_attempts": 0,
                "download_retry_backoff_seconds": 0,
                "feed_type": "BuiltIn",
                "feed_uri": "",
                "id": "feeds-builtin",
                "is_enhanced_mode": false,
                "name": "Octopus Server (built-in)",
                "package_acquisition_location_options": [
                  "Server"
                ],
                "password": "",
                "region": "",
                "registry_path": "",
                "secret_key": "",
                "space_id": "Spaces-1",
                "username": ""
              }
            ],
            "id": "Feeds 2023-02-08 02:48:32.434155953 +0000 UTC",
            "ids": null,
            "name": null,
            "partial_name": null,
            "skip": 0,
            "take": 1
          },
          "sensitive_attributes": []
        }
      ]
    },
    {
      "mode": "data",
      "type": "octopusdeploy_lifecycles",
      "name": "lifecycle_default_lifecycle",
      "provider": "provider[\"registry.terraform.io/octopusdeploylabs/octopusdeploy\"]",
      "instances": [
        {
          "schema_version": 0,
          "attributes": {
            "id": "Lifecycles 2023-02-08 02:48:32.438878697 +0000 UTC",
            "ids": null,
            "lifecycles": [
              {
                "description": "",
                "id": "Lifecycles-1",
                "name": "Default Lifecycle",
                "phase": [],
                "release_retention_policy": [
                  {
                    "quantity_to_keep": 0,
                    "should_keep_forever": true,
                    "unit": "Days"
                  }
                ],
                "space_id": "Spaces-1",
                "tentacle_retention_policy": [
                  {
                    "quantity_to_keep": 0,
                    "should_keep_forever": true,
                    "unit": "Days"
                  }
                ]
              }
            ],
            "partial_name": "Default Lifecycle",
            "skip": 0,
            "take": 1
          },
          "sensitive_attributes": []
        }
      ]
    },
    {
      "mode": "data",
      "type": "octopusdeploy_project_groups",
      "name": "project_group_default_project_group",
      "provider": "provider[\"registry.terraform.io/octopusdeploylabs/octopusdeploy\"]",
      "instances": [
        {
          "schema_version": 0,
          "attributes": {
            "id": "ProjectGroups 2023-02-08 02:48:32.434044001 +0000 UTC",
            "ids": null,
            "partial_name": "Default Project Group",
            "project_groups": [
              {
                "description": "",
                "id": "ProjectGroups-1",
                "name": "Default Project Group",
                "retention_policy_id": "",
                "space_id": "Spaces-1"
              }
            ],
            "skip": 0,
            "take": 1
          },
          "sensitive_attributes": []
        }
      ]
    },
    {
      "mode": "managed",
      "type": "octopusdeploy_deployment_process",
      "name": "deployment_process_project_releasedifftest",
      "provider": "provider[\"registry.terraform.io/octopusdeploylabs/octopusdeploy\"]",
      "instances": [
        {
          "schema_version": 0,
          "attributes": {
            "branch": "",
            "id": "deploymentprocess-Projects-1",
            "last_snapshot_id": "",
            "project_id": "Projects-1",
            "space_id": "Spaces-1",
            "step": [
              {
                "action": [],
                "apply_terraform_template_action": [],
                "condition": "Success",
                "condition_expression": "",
                "deploy_kubernetes_secret_action": [],
                "deploy_package_action": [],
                "deploy_windows_service_action": [],
                "id": "31263117-dd18-48e1-995b-9b9c3061bbcc",
                "manual_intervention_action": [],
                "name": "Run a Script",
                "package_requirement": "LetOctopusDecide",
                "properties": {},
                "run_kubectl_script_action": [],
                "run_script_action": [
                  {
                    "action_template": [],
                    "can_be_used_for_project_versioning": true,
                    "channels": [],
                    "condition": "Success",
                    "container": [
                      {
                        "feed_id": "",
                        "image": ""
                      }
                    ],
                    "environments": [],
                    "excluded_environments": [],
                    "features": [],
                    "id": "8cd2fbe1-61a7-4b2f-851a-1e7b4461059b",
                    "is_disabled": false,
                    "is_required": false,
                    "name": "Run a Script",
                    "notes": "",
                    "package": [
                      {
                        "acquisition_location": "Server",
                        "extract_during_deployment": true,
                        "feed_id": "feeds-builtin",
                        "id": "2c43383f-a788-4689-a001-b10ce4bcbd74",
                        "name": "package",
                        "package_id": "package",
                        "properties": {
                          "Extract": "True",
                          "Purpose": "",
                          "SelectionMode": "immediate"
                        }
                      }
                    ],
                    "primary_package": [],
                    "properties": {
                      "Octopus.Action.RunOnServer": "true",
                      "Octopus.Action.Script.ScriptBody": "echo \"hi\"",
                      "Octopus.Action.Script.ScriptSource": "Inline",
                      "Octopus.Action.Script.Syntax": "PowerShell"
                    },
                    "run_on_server": true,
                    "script_body": "echo \"hi\"",
                    "script_file_name": "",
                    "script_parameters": "",
                    "script_source": "Inline",
                    "script_syntax": "PowerShell",
                    "tenant_tags": [],
                    "variable_substitution_in_files": "",
                    "worker_pool_id": "WorkerPools-2",
                    "worker_pool_variable": ""
                  }
                ],
                "start_trigger": "StartAfterPrevious",
                "target_roles": [],
                "window_size": ""
              }
            ],
            "version": 1
          },
          "sensitive_attributes": [],
          "private": "bnVsbA==",
          "dependencies": [
            "data.octopusdeploy_feeds.built_in_feed",
            "data.octopusdeploy_lifecycles.lifecycle_default_lifecycle",
            "data.octopusdeploy_project_groups.project_group_default_project_group",
            "octopusdeploy_project.project_releasedifftest",
            "octopusdeploy_static_worker_pool.workerpool_temp"
          ]
        }
      ]
    },
    {
      "mode": "managed",
      "type": "octopusdeploy_environment",
      "name": "environment_dev",
      "provider": "provider[\"registry.terraform.io/octopusdeploylabs/octopusdeploy\"]",
      "instances": [
        {
          "schema_version": 0,
          "attributes": {
            "allow_dynamic_infrastructure": true,
            "description": "",
            "id": "Environments-1",
            "jira_extension_settings": [
              {
                "environment_type": "development"
              }
            ],
            "jira_service_management_extension_settings": [
              {
                "is_enabled": true
              }
            ],
            "name": "Dev",
            "servicenow_extension_settings": [
              {
                "is_enabled": true
              }
            ],
            "slug": "dev",
            "sort_order": 0,
            "space_id": "Spaces-1",
            "use_guided_failure": false
          },
          "sensitive_attributes": [],
          "private": "bnVsbA=="
        }
      ]
    },
    {
      "mode": "managed",
      "type": "octopusdeploy_environment",
      "name": "environment_production",
      "provider": "provider[\"registry.terraform.io/octopusdeploylabs/octopusdeploy\"]",
      "instances": [
        {
          "schema_version": 0,
          "attributes": {
            "allow_dynamic_infrastructure": true,
            "description": "",
            "id": "Environments-3",
            "jira_extension_settings": [
              {
                "environment_type": "unmapped"
              }
            ],
            "jira_service_management_extension_settings": [
              {
                "is_enabled": false
              }
            ],
            "name": "Production",
            "servicenow_extension_settings": [
              {
                "is_enabled": false
              }
            ],
            "slug": "production",
            "sort_order": 0,
            "space_id": "Spaces-1",
            "use_guided_failure": false
          },
          "sensitive_attributes": [],
          "private": "bnVsbA=="
        }
      ]
    },
    {
      "mode": "managed",
      "type": "octopusdeploy_environment",
      "name": "environment_test",
      "provider": "provider[\"registry.terraform.io/octopusdeploylabs/octopusdeploy\"]",
      "instances": [
        {
          "schema_version": 0,
          "attributes": {
            "allow_dynamic_infrastructure": true,
            "description": "",
            "id": "Environments-2",
            "jira_extension_settings": [
              {
                "environment_type": "unmapped"
              }
            ],
            "jira_service_management_extension_settings": [
              {
                "is_enabled": false
              }
            ],
            "name": "Test",
            "servicenow_extension_settings": [
              {
                "is_enabled": false
              }
            ],
            "slug": "test",
            "sort_order": 0,
            "space_id": "Spaces-1",
            "use_guided_failure": false
          },
          "sensitive_attributes": [],
          "private": "bnVsbA=="
        }
      ]
    },
    {
      "mode": "managed",
      "type": "octopusdeploy_project",
      "name": "project_releasedifftest",
      "provider": "provider[\"registry.terraform.io/octopusdeploylabs/octopusdeploy\"]",
      "instances": [
        {
          "schema_version": 0,
          "attributes": {
            "allow_deployments_to_no_targets": null,
            "auto_create_release": false,
            "auto_deploy_release_overrides": [],
            "cloned_from_project_id": "",
            "connectivity_policy": [
              {
                "allow_deployments_to_no_targets": true,
                "exclude_unhealthy_targets": false,
                "skip_machine_behavior": "None",
                "target_roles": []
              }
            ],
            "default_guided_failure_mode": "EnvironmentDefault",
            "default_to_skip_if_already_installed": false,
            "deployment_changes_template": "",
            "deployment_process_id": "deploymentprocess-Projects-1",
            "description": "",
            "discrete_channel_release": false,
            "git_anonymous_persistence_settings": [],
            "git_library_persistence_settings": [],
            "git_username_password_persistence_settings": [],
            "id": "Projects-1",
            "included_library_variable_sets": [],
            "is_disabled": false,
            "is_discrete_channel_release": false,
            "is_version_controlled": false,
            "jira_service_management_extension_settings": [],
            "lifecycle_id": "Lifecycles-1",
            "name": "ReleaseDiffTest",
            "project_group_id": "ProjectGroups-1",
            "release_creation_strategy": [
              {
                "channel_id": "",
                "release_creation_package": [],
                "release_creation_package_step_id": ""
              }
            ],
            "release_notes_template": "",
            "servicenow_extension_settings": [],
            "slug": "releasedifftest",
            "space_id": "Spaces-1",
            "template": [],
            "tenanted_deployment_participation": "Untenanted",
            "variable_set_id": "variableset-Projects-1",
            "versioning_strategy": [
              {
                "donor_package": [],
                "donor_package_step_id": "",
                "template": "#{Octopus.Version.LastMajor}.#{Octopus.Version.LastMinor}.#{Octopus.Version.NextPatch}"
              }
            ]
          },
          "sensitive_attributes": [],
          "private": "bnVsbA==",
          "dependencies": [
            "data.octopusdeploy_lifecycles.lifecycle_default_lifecycle",
            "data.octopusdeploy_project_groups.project_group_default_project_group"
          ]
        }
      ]
    },
    {
      "mode": "managed",
      "type": "octopusdeploy_static_worker_pool",
      "name": "workerpool_temp",
      "provider": "provider[\"registry.terraform.io/octopusdeploylabs/octopusdeploy\"]",
      "instances": [
        {
          "schema_version": 0,
          "attributes": {
            "can_add_workers": true,
            "description": "",
            "id": "WorkerPools-2",
            "is_default": false,
            "name": "Temp",
            "sort_order": 11,
            "space_id": "Spaces-1"
          },
          "sensitive_attributes": [],
          "private": "bnVsbA=="
        }
      ]
    }
  ],
  "check_results": null
}
